schema: '2.0'
stages:
  prep:
    cmd: python src/data_prep.py --params params.yaml
    deps:
    - path: data/raw
      hash: md5
      md5: 8d97374ea89bd004fca42852b4bb4cd0.dir
      size: 873478
      nfiles: 4
    - path: params.yaml
      hash: md5
      md5: 9f22cd2a0e289c58980a0f56b4e2f6a2
      size: 351
    - path: src/data_prep.py
      hash: md5
      md5: e65f0b7e26a9295bc95f9821ac76c38c
      size: 1715
    outs:
    - path: data/processed/churn_clean.csv
      hash: md5
      md5: ea414c80f0cff08fa50d14694953949e
      size: 783359
  train:
    cmd: python src/train.py --params params.yaml
    deps:
    - path: data/processed/churn_clean.csv
      hash: md5
      md5: ea414c80f0cff08fa50d14694953949e
      size: 783359
    - path: params.yaml
      hash: md5
      md5: 9f22cd2a0e289c58980a0f56b4e2f6a2
      size: 351
    - path: src/train.py
      hash: md5
      md5: 41b39267d16f3db2cdd09f4ec5013a72
      size: 3010
    outs:
    - path: artifacts/metrics.json
      hash: md5
      md5: c9586065279b615891730237a3621c32
      size: 88
    - path: artifacts/model.pkl
      hash: md5
      md5: 4694043dc24d4624eda23d81ecdeec2c
      size: 5838
